
Microsoft Visual Studio Solution File, Format Version 12.00
# Visual Studio Version 16
VisualStudioVersion = 16.0.31005.135
MinimumVisualStudioVersion = 10.0.40219.1
Project("{FAE04EC0-301F-11D3-BF4B-00C04F79EFBC}") = "Leeson7_Turples,Exceptions", "Leeson7_Turples,Exceptions\Leeson7_Turples,Exceptions.csproj", "{12744065-83C2-44C1-BC91-F542640546A2}"
EndProject
Project("{FAE04EC0-301F-11D3-BF4B-00C04F79EFBC}") = "Exceptions", "Exceptions\Exceptions.csproj", "{7103ACFB-29DB-4AC9-9D09-E2E1BCFAF2DF}"
EndProject
Project("{FAE04EC0-301F-11D3-BF4B-00C04F79EFBC}") = "Practic", "Practic\Practic.csproj", "{389B9E66-C7DF-4183-BA9F-2DD7A2569BFB}"
EndProject
Global
	GlobalSection(SolutionConfigurationPlatforms) = preSolution
		Debug|Any CPU = Debug|Any CPU
		Release|Any CPU = Release|Any CPU
	EndGlobalSection
	GlobalSection(ProjectConfigurationPlatforms) = postSolution
		{12744065-83C2-44C1-BC91-F542640546A2}.Debug|Any CPU.ActiveCfg = Debug|Any CPU
		{12744065-83C2-44C1-BC91-F542640546A2}.Debug|Any CPU.Build.0 = Debug|Any CPU
		{12744065-83C2-44C1-BC91-F542640546A2}.Release|Any CPU.ActiveCfg = Release|Any CPU
		{12744065-83C2-44C1-BC91-F542640546A2}.Release|Any CPU.Build.0 = Release|Any CPU
		{7103ACFB-29DB-4AC9-9D09-E2E1BCFAF2DF}.Debug|Any CPU.ActiveCfg = Debug|Any CPU
		{7103ACFB-29DB-4AC9-9D09-E2E1BCFAF2DF}.Debug|Any CPU.Build.0 = Debug|Any CPU
		{7103ACFB-29DB-4AC9-9D09-E2E1BCFAF2DF}.Release|Any CPU.ActiveCfg = Release|Any CPU
		{7103ACFB-29DB-4AC9-9D09-E2E1BCFAF2DF}.Release|Any CPU.Build.0 = Release|Any CPU
		{389B9E66-C7DF-4183-BA9F-2DD7A2569BFB}.Debug|Any CPU.ActiveCfg = Debug|Any CPU
		{389B9E66-C7DF-4183-BA9F-2DD7A2569BFB}.Debug|Any CPU.Build.0 = Debug|Any CPU
		{389B9E66-C7DF-4183-BA9F-2DD7A2569BFB}.Release|Any CPU.ActiveCfg = Release|Any CPU
		{389B9E66-C7DF-4183-BA9F-2DD7A2569BFB}.Release|Any CPU.Build.0 = Release|Any CPU
	EndGlobalSection
	GlobalSection(SolutionProperties) = preSolution
		HideSolutionNode = FALSE
	EndGlobalSection
	GlobalSection(ExtensibilityGlobals) = postSolution
		SolutionGuid = {A8C4A7A2-E2C2-4C03-8D39-1969D3FCB007}
	EndGlobalSection
EndGlobal
